
Microsoft Visual Studio Solution File, Format Version 12.00
# Visual Studio Version 17
VisualStudioVersion = 17.8.34322.80
MinimumVisualStudioVersion = 10.0.40219.1
Project("{FAE04EC0-301F-11D3-BF4B-00C04F79EFBC}") = "SistemaDeVendas", "SistemaDeVendas\SistemaDeVendas.csproj", "{1226739C-3AAE-4996-86EE-0A3C53B24949}"
EndProject
Global
	GlobalSection(SolutionConfigurationPlatforms) = preSolution
		Debug|Any CPU = Debug|Any CPU
		Release|Any CPU = Release|Any CPU
	EndGlobalSection
	GlobalSection(ProjectConfigurationPlatforms) = postSolution
		{1226739C-3AAE-4996-86EE-0A3C53B24949}.Debug|Any CPU.ActiveCfg = Debug|Any CPU
		{1226739C-3AAE-4996-86EE-0A3C53B24949}.Debug|Any CPU.Build.0 = Debug|Any CPU
		{1226739C-3AAE-4996-86EE-0A3C53B24949}.Release|Any CPU.ActiveCfg = Release|Any CPU
		{1226739C-3AAE-4996-86EE-0A3C53B24949}.Release|Any CPU.Build.0 = Release|Any CPU
	EndGlobalSection
	GlobalSection(SolutionProperties) = preSolution
		HideSolutionNode = FALSE
	EndGlobalSection
	GlobalSection(ExtensibilityGlobals) = postSolution
		SolutionGuid = {1FC192FD-C528-487C-97D7-AF819EA2B028}
	EndGlobalSection
EndGlobal
